{
  "requires": true,
  "lockfileVersion": 1,
  "dependencies": {
    "phaser-animated-tiles": {
      "version": "2.0.2",
      "resolved": "https://registry.npmjs.org/phaser-animated-tiles/-/phaser-animated-tiles-2.0.2.tgz",
      "integrity": "sha512-tIlaBoG/zOTctsAJuqoJyMSRt4SDmGHPvyjp4OKhtk+f+mNDThoV46N+qkauGDSddsZ2w8le7Sv9M01hNI8mug=="
    }
  }
}
